
Microsoft Visual Studio Solution File, Format Version 12.00
# Visual Studio Version 17
VisualStudioVersion = 17.9.34701.34
MinimumVisualStudioVersion = 10.0.40219.1
Project("{2150E333-8FDC-42A3-9474-1A3956D46DE8}") = "Solution Items", "Solution Items", "{A0088505-B47E-4256-974A-44534C298B4E}"
	ProjectSection(SolutionItems) = preProject
		Directory.Build.props = Directory.Build.props
	EndProjectSection
EndProject
Project("{2150E333-8FDC-42A3-9474-1A3956D46DE8}") = "src", "src", "{D3B48DEC-BFCF-4925-A051-D242FFA31149}"
EndProject
Project("{2150E333-8FDC-42A3-9474-1A3956D46DE8}") = "API", "API", "{932AEF4C-FC6B-4496-9051-1AD3763D10DB}"
EndProject
Project("{9A19103F-16F7-4668-BE54-9A1E7A4F7556}") = "Evently.Api", "src\API\Evently.Api\Evently.Api.csproj", "{883418AC-7525-4A89-819E-1216B178E999}"
EndProject
Project("{2150E333-8FDC-42A3-9474-1A3956D46DE8}") = "Modules", "Modules", "{A0FE90F9-3D87-4B00-8D9C-5878284CE8B3}"
EndProject
Project("{2150E333-8FDC-42A3-9474-1A3956D46DE8}") = "Events", "Events", "{83C39285-38DB-49C0-8A84-8809ED682E2B}"
EndProject
Project("{9A19103F-16F7-4668-BE54-9A1E7A4F7556}") = "Evently.Modules.Events.Application", "src\Modules\Events\Evently.Modules.Events.Application\Evently.Modules.Events.Application.csproj", "{C6A99D37-EAC3-4FDB-8A85-A8B5DA4CE3ED}"
EndProject
Project("{9A19103F-16F7-4668-BE54-9A1E7A4F7556}") = "Evently.Modules.Events.Domain", "src\Modules\Events\Evently.Modules.Events.Domain\Evently.Modules.Events.Domain.csproj", "{59A1A617-FCFD-443F-9975-1994656FF7A5}"
EndProject
Project("{9A19103F-16F7-4668-BE54-9A1E7A4F7556}") = "Evently.Modules.Events.Infrastructure", "src\Modules\Events\Evently.Modules.Events.Infrastructure\Evently.Modules.Events.Infrastructure.csproj", "{88D8FF01-4562-457A-844D-889BA99067E0}"
EndProject
Project("{9A19103F-16F7-4668-BE54-9A1E7A4F7556}") = "Evently.Modules.Events.Presentation", "src\Modules\Events\Evently.Modules.Events.Presentation\Evently.Modules.Events.Presentation.csproj", "{ACC4D102-6C72-4FA4-AF38-D84C3DF60860}"
EndProject
Project("{E53339B2-1760-4266-BCC7-CA923CBCF16C}") = "docker-compose", "docker-compose.dcproj", "{9EA59FD0-34D9-4824-BBE1-46CC85B30A0E}"
EndProject
Project("{2150E333-8FDC-42A3-9474-1A3956D46DE8}") = "Common", "Common", "{439D8B50-8C70-4161-9E12-3A9AC7700CB5}"
EndProject
Project("{9A19103F-16F7-4668-BE54-9A1E7A4F7556}") = "Evently.Common.Application", "src\Common\Evently.Common.Application\Evently.Common.Application.csproj", "{3E84CA13-1143-46AC-99F9-4699B844699C}"
EndProject
Project("{9A19103F-16F7-4668-BE54-9A1E7A4F7556}") = "Evently.Common.Domain", "src\Common\Evenlty.Common.Domain\Evently.Common.Domain.csproj", "{4D99273F-AFD4-47F6-BE7C-5325AE079336}"
EndProject
Project("{9A19103F-16F7-4668-BE54-9A1E7A4F7556}") = "Evently.Common.Infrastructure", "src\Common\Evently.Common.Infrastructure\Evently.Common.Infrastructure.csproj", "{121A7EF8-2BDB-4013-9EBB-44D3F505CA3E}"
EndProject
Project("{9A19103F-16F7-4668-BE54-9A1E7A4F7556}") = "Evently.Common.Presentation", "src\Common\Evently.Common.Preserntation\Evently.Common.Presentation.csproj", "{0486E6DE-5795-43F2-B758-FD98AE81F2FF}"
EndProject
Project("{2150E333-8FDC-42A3-9474-1A3956D46DE8}") = "Users", "Users", "{CBB70EEE-8253-47D8-8788-37E21071F577}"
EndProject
Project("{9A19103F-16F7-4668-BE54-9A1E7A4F7556}") = "Evently.Modules.Users.Domain", "src\Modules\Users\Evently.Modules.Users.Domain\Evently.Modules.Users.Domain.csproj", "{A45B3EF3-4BA2-4D4C-B094-6D3E5AAEC691}"
EndProject
Project("{9A19103F-16F7-4668-BE54-9A1E7A4F7556}") = "Evently.Modules.Users.Application", "src\Modules\Users\Evently.Modules.Users.Application\Evently.Modules.Users.Application.csproj", "{15746625-E082-47EF-842E-972065982481}"
EndProject
Project("{9A19103F-16F7-4668-BE54-9A1E7A4F7556}") = "Evently.Modules.Users.Presentation", "src\Modules\Users\Evently.Modules.Users.Presentation\Evently.Modules.Users.Presentation.csproj", "{0C444161-A72C-4A37-9598-39638A5A2991}"
EndProject
Project("{9A19103F-16F7-4668-BE54-9A1E7A4F7556}") = "Evently.Modules.Users.Infrastructure", "src\Modules\Users\Evently.Modules.Users.Infrastructure\Evently.Modules.Users.Infrastructure.csproj", "{A69B3CDB-E01C-490D-8734-E85F0A5004D5}"
EndProject
Project("{2150E333-8FDC-42A3-9474-1A3956D46DE8}") = "Ticketing", "Ticketing", "{421F460A-E9DC-4D27-B954-9963DF0FF125}"
EndProject
Project("{9A19103F-16F7-4668-BE54-9A1E7A4F7556}") = "Evently.Modules.Ticketing.Domain", "src\Modules\Ticketing\Evently.Modules.Ticketing.Domain\Evently.Modules.Ticketing.Domain.csproj", "{9B4249A2-727E-4EE2-BA04-F7A5C831BF35}"
EndProject
Project("{9A19103F-16F7-4668-BE54-9A1E7A4F7556}") = "Evently.Modules.Ticketing.Application", "src\Modules\Ticketing\Evently.Modules.Ticketing.Application\Evently.Modules.Ticketing.Application.csproj", "{FB0DAF38-6FDC-413E-B8CF-A3FC4AAEBB7F}"
EndProject
Project("{9A19103F-16F7-4668-BE54-9A1E7A4F7556}") = "Evently.Modules.Ticketing.Presentation", "src\Modules\Ticketing\Evently.Modules.Ticketing.Presentation\Evently.Modules.Ticketing.Presentation.csproj", "{7C387B9F-15B5-429C-B706-6E146A378B49}"
EndProject
Project("{9A19103F-16F7-4668-BE54-9A1E7A4F7556}") = "Evently.Modules.Ticketing.Infrastructure", "src\Modules\Ticketing\Evently.Modules.Ticketing.Infrastructure\Evently.Modules.Ticketing.Infrastructure.csproj", "{201B7470-D5D2-43D2-BAE8-8A72AD7E7E75}"
EndProject
Project("{9A19103F-16F7-4668-BE54-9A1E7A4F7556}") = "Evently.Modules.Users.IntegrationEvents", "src\Modules\Users\Evently.Modules.Users.IntegrationEvents\Evently.Modules.Users.IntegrationEvents.csproj", "{D325028F-2199-4F1A-91A8-12F046D76573}"
EndProject
Project("{2150E333-8FDC-42A3-9474-1A3956D46DE8}") = "Attendance", "Attendance", "{0B440748-EFF2-4A0E-AE03-413DEB194DEF}"
EndProject
Project("{FAE04EC0-301F-11D3-BF4B-00C04F79EFBC}") = "Evently.Modules.Attendance.Domain", "src\Modules\Attendance\Evently.Modules.Attendance.Domain\Evently.Modules.Attendance.Domain.csproj", "{24AC28DA-0202-4280-A6B6-364D558E62F9}"
EndProject
Project("{FAE04EC0-301F-11D3-BF4B-00C04F79EFBC}") = "Evently.Modules.Attendance.Application", "src\Modules\Attendance\Evently.Modules.Attendance.Application\Evently.Modules.Attendance.Application.csproj", "{1C1781D8-9746-45A4-B9EB-5A1F1E592584}"
EndProject
Project("{FAE04EC0-301F-11D3-BF4B-00C04F79EFBC}") = "Evently.Modules.Attendance.Infrastructure", "src\Modules\Attendance\Evently.Modules.Attendance.Infrastructure\Evently.Modules.Attendance.Infrastructure.csproj", "{6D70D9C2-7745-4224-8A53-19A8D47B9D5C}"
EndProject
Project("{FAE04EC0-301F-11D3-BF4B-00C04F79EFBC}") = "Evently.Modules.Attendance.Presentation", "src\Modules\Attendance\Evently.Modules.Attendance.Presentation\Evently.Modules.Attendance.Presentation.csproj", "{D0E422E2-A8C0-44CD-9F1C-91D2508FE53F}"
EndProject
Project("{FAE04EC0-301F-11D3-BF4B-00C04F79EFBC}") = "Evently.Modules.Attendance.IntegrationEvents", "src\Modules\Attendance\Evently.Modules.Attendance.IntegrationEvents\Evently.Modules.Attendance.IntegrationEvents.csproj", "{6C18958E-B96A-481C-87C0-6B4AA794D9E3}"
EndProject
Project("{FAE04EC0-301F-11D3-BF4B-00C04F79EFBC}") = "Evently.Modules.Events.IntegrationEvents", "src\Modules\Events\Evently.Modules.Events.IntegrationEvents\Evently.Modules.Events.IntegrationEvents.csproj", "{065EBAD3-7F93-4919-A146-5AA738D10850}"
EndProject
Project("{FAE04EC0-301F-11D3-BF4B-00C04F79EFBC}") = "Evently.Modules.Ticketing.IntegrationEvents", "src\Modules\Ticketing\Evently.Modules.Ticketing.IntegrationEvents\Evently.Modules.Ticketing.IntegrationEvents.csproj", "{D772ED2C-36BB-434B-9149-F0FAD423E775}"
EndProject
Global
	GlobalSection(SolutionConfigurationPlatforms) = preSolution
		Debug|Any CPU = Debug|Any CPU
		Release|Any CPU = Release|Any CPU
	EndGlobalSection
	GlobalSection(ProjectConfigurationPlatforms) = postSolution
		{883418AC-7525-4A89-819E-1216B178E999}.Debug|Any CPU.ActiveCfg = Debug|Any CPU
		{883418AC-7525-4A89-819E-1216B178E999}.Debug|Any CPU.Build.0 = Debug|Any CPU
		{883418AC-7525-4A89-819E-1216B178E999}.Release|Any CPU.ActiveCfg = Release|Any CPU
		{883418AC-7525-4A89-819E-1216B178E999}.Release|Any CPU.Build.0 = Release|Any CPU
		{C6A99D37-EAC3-4FDB-8A85-A8B5DA4CE3ED}.Debug|Any CPU.ActiveCfg = Debug|Any CPU
		{C6A99D37-EAC3-4FDB-8A85-A8B5DA4CE3ED}.Debug|Any CPU.Build.0 = Debug|Any CPU
		{C6A99D37-EAC3-4FDB-8A85-A8B5DA4CE3ED}.Release|Any CPU.ActiveCfg = Release|Any CPU
		{C6A99D37-EAC3-4FDB-8A85-A8B5DA4CE3ED}.Release|Any CPU.Build.0 = Release|Any CPU
		{59A1A617-FCFD-443F-9975-1994656FF7A5}.Debug|Any CPU.ActiveCfg = Debug|Any CPU
		{59A1A617-FCFD-443F-9975-1994656FF7A5}.Debug|Any CPU.Build.0 = Debug|Any CPU
		{59A1A617-FCFD-443F-9975-1994656FF7A5}.Release|Any CPU.ActiveCfg = Release|Any CPU
		{59A1A617-FCFD-443F-9975-1994656FF7A5}.Release|Any CPU.Build.0 = Release|Any CPU
		{88D8FF01-4562-457A-844D-889BA99067E0}.Debug|Any CPU.ActiveCfg = Debug|Any CPU
		{88D8FF01-4562-457A-844D-889BA99067E0}.Debug|Any CPU.Build.0 = Debug|Any CPU
		{88D8FF01-4562-457A-844D-889BA99067E0}.Release|Any CPU.ActiveCfg = Release|Any CPU
		{88D8FF01-4562-457A-844D-889BA99067E0}.Release|Any CPU.Build.0 = Release|Any CPU
		{ACC4D102-6C72-4FA4-AF38-D84C3DF60860}.Debug|Any CPU.ActiveCfg = Debug|Any CPU
		{ACC4D102-6C72-4FA4-AF38-D84C3DF60860}.Debug|Any CPU.Build.0 = Debug|Any CPU
		{ACC4D102-6C72-4FA4-AF38-D84C3DF60860}.Release|Any CPU.ActiveCfg = Release|Any CPU
		{ACC4D102-6C72-4FA4-AF38-D84C3DF60860}.Release|Any CPU.Build.0 = Release|Any CPU
		{9EA59FD0-34D9-4824-BBE1-46CC85B30A0E}.Debug|Any CPU.ActiveCfg = Debug|Any CPU
		{9EA59FD0-34D9-4824-BBE1-46CC85B30A0E}.Debug|Any CPU.Build.0 = Debug|Any CPU
		{9EA59FD0-34D9-4824-BBE1-46CC85B30A0E}.Release|Any CPU.ActiveCfg = Release|Any CPU
		{9EA59FD0-34D9-4824-BBE1-46CC85B30A0E}.Release|Any CPU.Build.0 = Release|Any CPU
		{3E84CA13-1143-46AC-99F9-4699B844699C}.Debug|Any CPU.ActiveCfg = Debug|Any CPU
		{3E84CA13-1143-46AC-99F9-4699B844699C}.Debug|Any CPU.Build.0 = Debug|Any CPU
		{3E84CA13-1143-46AC-99F9-4699B844699C}.Release|Any CPU.ActiveCfg = Release|Any CPU
		{3E84CA13-1143-46AC-99F9-4699B844699C}.Release|Any CPU.Build.0 = Release|Any CPU
		{4D99273F-AFD4-47F6-BE7C-5325AE079336}.Debug|Any CPU.ActiveCfg = Debug|Any CPU
		{4D99273F-AFD4-47F6-BE7C-5325AE079336}.Debug|Any CPU.Build.0 = Debug|Any CPU
		{4D99273F-AFD4-47F6-BE7C-5325AE079336}.Release|Any CPU.ActiveCfg = Release|Any CPU
		{4D99273F-AFD4-47F6-BE7C-5325AE079336}.Release|Any CPU.Build.0 = Release|Any CPU
		{121A7EF8-2BDB-4013-9EBB-44D3F505CA3E}.Debug|Any CPU.ActiveCfg = Debug|Any CPU
		{121A7EF8-2BDB-4013-9EBB-44D3F505CA3E}.Debug|Any CPU.Build.0 = Debug|Any CPU
		{121A7EF8-2BDB-4013-9EBB-44D3F505CA3E}.Release|Any CPU.ActiveCfg = Release|Any CPU
		{121A7EF8-2BDB-4013-9EBB-44D3F505CA3E}.Release|Any CPU.Build.0 = Release|Any CPU
		{0486E6DE-5795-43F2-B758-FD98AE81F2FF}.Debug|Any CPU.ActiveCfg = Debug|Any CPU
		{0486E6DE-5795-43F2-B758-FD98AE81F2FF}.Debug|Any CPU.Build.0 = Debug|Any CPU
		{0486E6DE-5795-43F2-B758-FD98AE81F2FF}.Release|Any CPU.ActiveCfg = Release|Any CPU
		{0486E6DE-5795-43F2-B758-FD98AE81F2FF}.Release|Any CPU.Build.0 = Release|Any CPU
		{A45B3EF3-4BA2-4D4C-B094-6D3E5AAEC691}.Debug|Any CPU.ActiveCfg = Debug|Any CPU
		{A45B3EF3-4BA2-4D4C-B094-6D3E5AAEC691}.Debug|Any CPU.Build.0 = Debug|Any CPU
		{A45B3EF3-4BA2-4D4C-B094-6D3E5AAEC691}.Release|Any CPU.ActiveCfg = Release|Any CPU
		{A45B3EF3-4BA2-4D4C-B094-6D3E5AAEC691}.Release|Any CPU.Build.0 = Release|Any CPU
		{15746625-E082-47EF-842E-972065982481}.Debug|Any CPU.ActiveCfg = Debug|Any CPU
		{15746625-E082-47EF-842E-972065982481}.Debug|Any CPU.Build.0 = Debug|Any CPU
		{15746625-E082-47EF-842E-972065982481}.Release|Any CPU.ActiveCfg = Release|Any CPU
		{15746625-E082-47EF-842E-972065982481}.Release|Any CPU.Build.0 = Release|Any CPU
		{0C444161-A72C-4A37-9598-39638A5A2991}.Debug|Any CPU.ActiveCfg = Debug|Any CPU
		{0C444161-A72C-4A37-9598-39638A5A2991}.Debug|Any CPU.Build.0 = Debug|Any CPU
		{0C444161-A72C-4A37-9598-39638A5A2991}.Release|Any CPU.ActiveCfg = Release|Any CPU
		{0C444161-A72C-4A37-9598-39638A5A2991}.Release|Any CPU.Build.0 = Release|Any CPU
		{A69B3CDB-E01C-490D-8734-E85F0A5004D5}.Debug|Any CPU.ActiveCfg = Debug|Any CPU
		{A69B3CDB-E01C-490D-8734-E85F0A5004D5}.Debug|Any CPU.Build.0 = Debug|Any CPU
		{A69B3CDB-E01C-490D-8734-E85F0A5004D5}.Release|Any CPU.ActiveCfg = Release|Any CPU
		{A69B3CDB-E01C-490D-8734-E85F0A5004D5}.Release|Any CPU.Build.0 = Release|Any CPU
		{9B4249A2-727E-4EE2-BA04-F7A5C831BF35}.Debug|Any CPU.ActiveCfg = Debug|Any CPU
		{9B4249A2-727E-4EE2-BA04-F7A5C831BF35}.Debug|Any CPU.Build.0 = Debug|Any CPU
		{9B4249A2-727E-4EE2-BA04-F7A5C831BF35}.Release|Any CPU.ActiveCfg = Release|Any CPU
		{9B4249A2-727E-4EE2-BA04-F7A5C831BF35}.Release|Any CPU.Build.0 = Release|Any CPU
		{FB0DAF38-6FDC-413E-B8CF-A3FC4AAEBB7F}.Debug|Any CPU.ActiveCfg = Debug|Any CPU
		{FB0DAF38-6FDC-413E-B8CF-A3FC4AAEBB7F}.Debug|Any CPU.Build.0 = Debug|Any CPU
		{FB0DAF38-6FDC-413E-B8CF-A3FC4AAEBB7F}.Release|Any CPU.ActiveCfg = Release|Any CPU
		{FB0DAF38-6FDC-413E-B8CF-A3FC4AAEBB7F}.Release|Any CPU.Build.0 = Release|Any CPU
		{7C387B9F-15B5-429C-B706-6E146A378B49}.Debug|Any CPU.ActiveCfg = Debug|Any CPU
		{7C387B9F-15B5-429C-B706-6E146A378B49}.Debug|Any CPU.Build.0 = Debug|Any CPU
		{7C387B9F-15B5-429C-B706-6E146A378B49}.Release|Any CPU.ActiveCfg = Release|Any CPU
		{7C387B9F-15B5-429C-B706-6E146A378B49}.Release|Any CPU.Build.0 = Release|Any CPU
		{201B7470-D5D2-43D2-BAE8-8A72AD7E7E75}.Debug|Any CPU.ActiveCfg = Debug|Any CPU
		{201B7470-D5D2-43D2-BAE8-8A72AD7E7E75}.Debug|Any CPU.Build.0 = Debug|Any CPU
		{201B7470-D5D2-43D2-BAE8-8A72AD7E7E75}.Release|Any CPU.ActiveCfg = Release|Any CPU
		{201B7470-D5D2-43D2-BAE8-8A72AD7E7E75}.Release|Any CPU.Build.0 = Release|Any CPU
		{D325028F-2199-4F1A-91A8-12F046D76573}.Debug|Any CPU.ActiveCfg = Debug|Any CPU
		{D325028F-2199-4F1A-91A8-12F046D76573}.Debug|Any CPU.Build.0 = Debug|Any CPU
		{D325028F-2199-4F1A-91A8-12F046D76573}.Release|Any CPU.ActiveCfg = Release|Any CPU
		{D325028F-2199-4F1A-91A8-12F046D76573}.Release|Any CPU.Build.0 = Release|Any CPU
		{24AC28DA-0202-4280-A6B6-364D558E62F9}.Debug|Any CPU.ActiveCfg = Debug|Any CPU
		{24AC28DA-0202-4280-A6B6-364D558E62F9}.Debug|Any CPU.Build.0 = Debug|Any CPU
		{24AC28DA-0202-4280-A6B6-364D558E62F9}.Release|Any CPU.ActiveCfg = Release|Any CPU
		{24AC28DA-0202-4280-A6B6-364D558E62F9}.Release|Any CPU.Build.0 = Release|Any CPU
		{1C1781D8-9746-45A4-B9EB-5A1F1E592584}.Debug|Any CPU.ActiveCfg = Debug|Any CPU
		{1C1781D8-9746-45A4-B9EB-5A1F1E592584}.Debug|Any CPU.Build.0 = Debug|Any CPU
		{1C1781D8-9746-45A4-B9EB-5A1F1E592584}.Release|Any CPU.ActiveCfg = Release|Any CPU
		{1C1781D8-9746-45A4-B9EB-5A1F1E592584}.Release|Any CPU.Build.0 = Release|Any CPU
		{6D70D9C2-7745-4224-8A53-19A8D47B9D5C}.Debug|Any CPU.ActiveCfg = Debug|Any CPU
		{6D70D9C2-7745-4224-8A53-19A8D47B9D5C}.Debug|Any CPU.Build.0 = Debug|Any CPU
		{6D70D9C2-7745-4224-8A53-19A8D47B9D5C}.Release|Any CPU.ActiveCfg = Release|Any CPU
		{6D70D9C2-7745-4224-8A53-19A8D47B9D5C}.Release|Any CPU.Build.0 = Release|Any CPU
		{D0E422E2-A8C0-44CD-9F1C-91D2508FE53F}.Debug|Any CPU.ActiveCfg = Debug|Any CPU
		{D0E422E2-A8C0-44CD-9F1C-91D2508FE53F}.Debug|Any CPU.Build.0 = Debug|Any CPU
		{D0E422E2-A8C0-44CD-9F1C-91D2508FE53F}.Release|Any CPU.ActiveCfg = Release|Any CPU
		{D0E422E2-A8C0-44CD-9F1C-91D2508FE53F}.Release|Any CPU.Build.0 = Release|Any CPU
		{6C18958E-B96A-481C-87C0-6B4AA794D9E3}.Debug|Any CPU.ActiveCfg = Debug|Any CPU
		{6C18958E-B96A-481C-87C0-6B4AA794D9E3}.Debug|Any CPU.Build.0 = Debug|Any CPU
		{6C18958E-B96A-481C-87C0-6B4AA794D9E3}.Release|Any CPU.ActiveCfg = Release|Any CPU
		{6C18958E-B96A-481C-87C0-6B4AA794D9E3}.Release|Any CPU.Build.0 = Release|Any CPU
		{065EBAD3-7F93-4919-A146-5AA738D10850}.Debug|Any CPU.ActiveCfg = Debug|Any CPU
		{065EBAD3-7F93-4919-A146-5AA738D10850}.Debug|Any CPU.Build.0 = Debug|Any CPU
		{065EBAD3-7F93-4919-A146-5AA738D10850}.Release|Any CPU.ActiveCfg = Release|Any CPU
		{065EBAD3-7F93-4919-A146-5AA738D10850}.Release|Any CPU.Build.0 = Release|Any CPU
		{D772ED2C-36BB-434B-9149-F0FAD423E775}.Debug|Any CPU.ActiveCfg = Debug|Any CPU
		{D772ED2C-36BB-434B-9149-F0FAD423E775}.Debug|Any CPU.Build.0 = Debug|Any CPU
		{D772ED2C-36BB-434B-9149-F0FAD423E775}.Release|Any CPU.ActiveCfg = Release|Any CPU
		{D772ED2C-36BB-434B-9149-F0FAD423E775}.Release|Any CPU.Build.0 = Release|Any CPU
	EndGlobalSection
	GlobalSection(SolutionProperties) = preSolution
		HideSolutionNode = FALSE
	EndGlobalSection
	GlobalSection(NestedProjects) = preSolution
		{932AEF4C-FC6B-4496-9051-1AD3763D10DB} = {D3B48DEC-BFCF-4925-A051-D242FFA31149}
		{883418AC-7525-4A89-819E-1216B178E999} = {932AEF4C-FC6B-4496-9051-1AD3763D10DB}
		{A0FE90F9-3D87-4B00-8D9C-5878284CE8B3} = {D3B48DEC-BFCF-4925-A051-D242FFA31149}
		{83C39285-38DB-49C0-8A84-8809ED682E2B} = {A0FE90F9-3D87-4B00-8D9C-5878284CE8B3}
		{C6A99D37-EAC3-4FDB-8A85-A8B5DA4CE3ED} = {83C39285-38DB-49C0-8A84-8809ED682E2B}
		{59A1A617-FCFD-443F-9975-1994656FF7A5} = {83C39285-38DB-49C0-8A84-8809ED682E2B}
		{88D8FF01-4562-457A-844D-889BA99067E0} = {83C39285-38DB-49C0-8A84-8809ED682E2B}
		{ACC4D102-6C72-4FA4-AF38-D84C3DF60860} = {83C39285-38DB-49C0-8A84-8809ED682E2B}
		{439D8B50-8C70-4161-9E12-3A9AC7700CB5} = {D3B48DEC-BFCF-4925-A051-D242FFA31149}
		{3E84CA13-1143-46AC-99F9-4699B844699C} = {439D8B50-8C70-4161-9E12-3A9AC7700CB5}
		{4D99273F-AFD4-47F6-BE7C-5325AE079336} = {439D8B50-8C70-4161-9E12-3A9AC7700CB5}
		{121A7EF8-2BDB-4013-9EBB-44D3F505CA3E} = {439D8B50-8C70-4161-9E12-3A9AC7700CB5}
		{0486E6DE-5795-43F2-B758-FD98AE81F2FF} = {439D8B50-8C70-4161-9E12-3A9AC7700CB5}
		{CBB70EEE-8253-47D8-8788-37E21071F577} = {A0FE90F9-3D87-4B00-8D9C-5878284CE8B3}
		{A45B3EF3-4BA2-4D4C-B094-6D3E5AAEC691} = {CBB70EEE-8253-47D8-8788-37E21071F577}
		{15746625-E082-47EF-842E-972065982481} = {CBB70EEE-8253-47D8-8788-37E21071F577}
		{0C444161-A72C-4A37-9598-39638A5A2991} = {CBB70EEE-8253-47D8-8788-37E21071F577}
		{A69B3CDB-E01C-490D-8734-E85F0A5004D5} = {CBB70EEE-8253-47D8-8788-37E21071F577}
		{421F460A-E9DC-4D27-B954-9963DF0FF125} = {A0FE90F9-3D87-4B00-8D9C-5878284CE8B3}
		{9B4249A2-727E-4EE2-BA04-F7A5C831BF35} = {421F460A-E9DC-4D27-B954-9963DF0FF125}
		{FB0DAF38-6FDC-413E-B8CF-A3FC4AAEBB7F} = {421F460A-E9DC-4D27-B954-9963DF0FF125}
		{7C387B9F-15B5-429C-B706-6E146A378B49} = {421F460A-E9DC-4D27-B954-9963DF0FF125}
		{201B7470-D5D2-43D2-BAE8-8A72AD7E7E75} = {421F460A-E9DC-4D27-B954-9963DF0FF125}
		{D325028F-2199-4F1A-91A8-12F046D76573} = {CBB70EEE-8253-47D8-8788-37E21071F577}
		{0B440748-EFF2-4A0E-AE03-413DEB194DEF} = {A0FE90F9-3D87-4B00-8D9C-5878284CE8B3}
		{24AC28DA-0202-4280-A6B6-364D558E62F9} = {0B440748-EFF2-4A0E-AE03-413DEB194DEF}
		{1C1781D8-9746-45A4-B9EB-5A1F1E592584} = {0B440748-EFF2-4A0E-AE03-413DEB194DEF}
		{6D70D9C2-7745-4224-8A53-19A8D47B9D5C} = {0B440748-EFF2-4A0E-AE03-413DEB194DEF}
		{D0E422E2-A8C0-44CD-9F1C-91D2508FE53F} = {0B440748-EFF2-4A0E-AE03-413DEB194DEF}
		{6C18958E-B96A-481C-87C0-6B4AA794D9E3} = {0B440748-EFF2-4A0E-AE03-413DEB194DEF}
		{065EBAD3-7F93-4919-A146-5AA738D10850} = {83C39285-38DB-49C0-8A84-8809ED682E2B}
		{D772ED2C-36BB-434B-9149-F0FAD423E775} = {421F460A-E9DC-4D27-B954-9963DF0FF125}
	EndGlobalSection
	GlobalSection(ExtensibilityGlobals) = postSolution
		SolutionGuid = {1E42AE86-7F3C-45F4-A386-AB71CC4446CB}
	EndGlobalSection
EndGlobal
